{
  "version": 4,
  "terraform_version": "1.3.6",
  "serial": 5,
  "lineage": "9f5e90f1-9b0b-ed9b-5e8c-76a5600f1f18",
  "outputs": {},
  "resources": [
    {
      "mode": "managed",
      "type": "google_sql_database",
      "name": "database",
      "provider": "provider[\"registry.terraform.io/hashicorp/google\"]",
      "instances": [
        {
          "schema_version": 0,
          "attributes": {
            "charset": "UTF8",
            "collation": "en_US.UTF8",
            "id": "projects/bucket-function-datastore/instances/my-database-instance/databases/my-database",
            "instance": "my-database-instance",
            "name": "my-database",
            "project": "bucket-function-datastore",
            "self_link": "https://www.googleapis.com/sql/v1beta4/projects/bucket-function-datastore/instances/my-database-instance/databases/my-database",
            "timeouts": null
          },
          "sensitive_attributes": [],
          "private": "eyJlMmJmYjczMC1lY2FhLTExZTYtOGY4OC0zNDM2M2JjN2M0YzAiOnsiY3JlYXRlIjo5MDAwMDAwMDAwMDAsImRlbGV0ZSI6NjAwMDAwMDAwMDAwLCJ1cGRhdGUiOjYwMDAwMDAwMDAwMH19",
          "dependencies": [
            "google_sql_database_instance.instance"
          ]
        }
      ]
    },
    {
      "mode": "managed",
      "type": "google_sql_database_instance",
      "name": "instance",
      "provider": "provider[\"registry.terraform.io/hashicorp/google\"]",
      "instances": [
        {
          "schema_version": 0,
          "attributes": {
            "connection_name": "bucket-function-datastore:us-west1:my-database-instance",
            "database_version": "POSTGRES_14",
            "first_ip_address": "34.83.164.184",
            "id": "my-database-instance",
            "ip_address": [
              {
                "ip_address": "34.83.164.184",
                "time_to_retire": "",
                "type": "PRIMARY"
              },
              {
                "ip_address": "34.82.222.77",
                "time_to_retire": "",
                "type": "OUTGOING"
              }
            ],
            "master_instance_name": "",
            "name": "my-database-instance",
            "private_ip_address": "",
            "project": "bucket-function-datastore",
            "public_ip_address": "34.83.164.184",
            "region": "us-west1",
            "replica_configuration": [],
            "self_link": "https://www.googleapis.com/sql/v1beta4/projects/bucket-function-datastore/instances/my-database-instance",
            "server_ca_cert": [
              {
                "cert": "-----BEGIN CERTIFICATE-----\nMIIDfzCCAmegAwIBAgIBADANBgkqhkiG9w0BAQsFADB3MS0wKwYDVQQuEyQxNGFj\nMTRhNi00YjAwLTQ0MzAtYmM1YS1hMDNmZTRhZWE1OWMxIzAhBgNVBAMTGkdvb2ds\nZSBDbG91ZCBTUUwgU2VydmVyIENBMRQwEgYDVQQKEwtHb29nbGUsIEluYzELMAkG\nA1UEBhMCVVMwHhcNMjMwMTEyMDczNTQ3WhcNMzMwMTA5MDczNjQ3WjB3MS0wKwYD\nVQQuEyQxNGFjMTRhNi00YjAwLTQ0MzAtYmM1YS1hMDNmZTRhZWE1OWMxIzAhBgNV\nBAMTGkdvb2dsZSBDbG91ZCBTUUwgU2VydmVyIENBMRQwEgYDVQQKEwtHb29nbGUs\nIEluYzELMAkGA1UEBhMCVVMwggEiMA0GCSqGSIb3DQEBAQUAA4IBDwAwggEKAoIB\nAQCUKf6lRjuRURbHFy7YJJOwxRGPs0iU3pcoUwCqX/s+Ex63P/H3WihGjoYAyU9V\n83iXgKfpzwtQGEFlxng1pPlTpA5xhd0iK1sgs/hMs6szj20Baq3vinFAwgYjwV6P\n4VCycWwLY2LVJZDdlrlSgPpJEyNEWkxnDOVl7CCVK942mamnzzoatf6ZiX5lZu0U\nh6Vukm8hdE3l0IjJaZvyJUWP7MtLCrlJXgiO3b5i8PzrFXFRDW8o0dkfN5RhLdXj\nxLBVu+BQASSdP7Z6z38zOeCCy8eNlaUYIIFUNrrOifp5VFvs3juWPQr1Be6uIJDi\n0KS/r5xwKpLc7PG/UHbMg/9NAgMBAAGjFjAUMBIGA1UdEwEB/wQIMAYBAf8CAQAw\nDQYJKoZIhvcNAQELBQADggEBAFI+qbQvurFnBZc+LOw7BcZ26gSX/OneL0BzkZ+j\nZCuLg1TAS9c6zwf9+lwaN09xqkfaM3FWxqRwtysgciDWgqZn/ADd5rRNutCae5MB\nl/AWxana0203wNF6FVJyeSRbw5Qmjzcg6e5drbu6nhvbuC7KCE8mHGKGHVb4aXui\nVm/Hkc0uwGzt3IS4S7+yuC5eH7WNBJerwu8TzziwZw5kJMBnIC3wGFQFxSmor5E/\n+EzSiYGK1jA8B4/fZ2oZlr3apnheCwn3+y9UGNb68P2he44O3h17igshTmYRybxd\nT66+kY2nKROOjQ513M4G3ktFUxzFwJoEj5GAO4x9sRsvBZ4=\n-----END CERTIFICATE-----",
                "common_name": "C=US,O=Google\\, Inc,CN=Google Cloud SQL Server CA,dnQualifier=14ac14a6-4b00-4430-bc5a-a03fe4aea59c",
                "create_time": "2023-01-12T07:35:47.597Z",
                "expiration_time": "2033-01-09T07:36:47.597Z",
                "sha1_fingerprint": "5060f24fc0ac6976befbb4835d7bc9cb232e1b68"
              }
            ],
            "service_account_email_address": "p545398873589-vmcvpf@gcp-sa-cloud-sql.iam.gserviceaccount.com",
            "settings": [
              {
                "activation_policy": "ALWAYS",
                "authorized_gae_applications": null,
                "availability_type": "ZONAL",
                "backup_configuration": [
                  {
                    "binary_log_enabled": false,
                    "enabled": false,
                    "location": "",
                    "start_time": "09:00"
                  }
                ],
                "crash_safe_replication": false,
                "database_flags": [],
                "disk_autoresize": true,
                "disk_size": 10,
                "disk_type": "PD_SSD",
                "ip_configuration": [
                  {
                    "authorized_networks": [],
                    "ipv4_enabled": true,
                    "private_network": "",
                    "require_ssl": false
                  }
                ],
                "location_preference": [
                  {
                    "follow_gae_application": "",
                    "zone": "us-west1-a"
                  }
                ],
                "maintenance_window": [],
                "pricing_plan": "PER_USE",
                "replication_type": "SYNCHRONOUS",
                "tier": "db-f1-micro",
                "user_labels": null,
                "version": 1
              }
            ],
            "timeouts": null
          },
          "sensitive_attributes": [],
          "private": "eyJlMmJmYjczMC1lY2FhLTExZTYtOGY4OC0zNDM2M2JjN2M0YzAiOnsiY3JlYXRlIjoxMjAwMDAwMDAwMDAwLCJkZWxldGUiOjEyMDAwMDAwMDAwMDAsInVwZGF0ZSI6MTIwMDAwMDAwMDAwMH19"
        }
      ]
    }
  ],
  "check_results": null
}
